PODS:
  - Alamofire (4.9.0)
  - Eureka (5.0.1)
  - Realm (3.18.0):
    - Realm/Headers (= 3.18.0)
  - Realm/Headers (3.18.0)
  - RealmSearchViewController (2.2.1):
    - RealmSwift (>= 1.0.0)
  - RealmSwift (3.18.0):
    - Realm (= 3.18.0)
  - RSSelectionMenu (6.0.6)
  - SwiftyJSON (5.0.0)

DEPENDENCIES:
  - Alamofire (~> 4.7)
  - Eureka
  - RealmSearchViewController
  - RealmSwift
  - RSSelectionMenu
  - SwiftyJSON

SPEC REPOS:
  https://github.com/cocoapods/specs.git:
    - Alamofire
    - Eureka
    - Realm
    - RealmSearchViewController
    - RealmSwift
    - RSSelectionMenu
    - SwiftyJSON

SPEC CHECKSUMS:
  Alamofire: afc3e7c6db61476cb45cdd23fed06bad03bbc321
  Eureka: da9d2294da234eae40b22e7273b9fc2335502fc1
  Realm: 7b3d04740facf45e958a514b466a32b04f1113d6
  RealmSearchViewController: 685a112c09c271d769bbf43911ac4d5f12dc8862
  RealmSwift: c817b5f374668cf08f649afb05f55d92a787649c
  RSSelectionMenu: d41b6e31094283358c9d0b756b177d76b83066df
  SwiftyJSON: 36413e04c44ee145039d332b4f4e2d3e8d6c4db7

PODFILE CHECKSUM: 99addfb0719f9f0276a4a10fcf03db4d53565da2

COCOAPODS: 1.5.3
