// !$*UTF8*$!
{
	archiveVersion = 1;
	classes = {
	};
	objectVersion = 50;
	objects = {

/* Begin PBXBuildFile section */
		811B214622F7120A007425C0 /* UserItem.swift in Sources */ = {isa = PBXBuildFile; fileRef = 811B214522F7120A007425C0 /* UserItem.swift */; };
		811B214A22FD8320007425C0 /* HolidayItem.swift in Sources */ = {isa = PBXBuildFile; fileRef = 811B214922FD8320007425C0 /* HolidayItem.swift */; };
		811B214C22FDB644007425C0 /* SummaryViewController.swift in Sources */ = {isa = PBXBuildFile; fileRef = 811B214B22FDB644007425C0 /* SummaryViewController.swift */; };
		811B215022FDC910007425C0 /* MenuBar.swift in Sources */ = {isa = PBXBuildFile; fileRef = 811B214F22FDC910007425C0 /* MenuBar.swift */; };
		811B215422FEEEE3007425C0 /* UI.swift in Sources */ = {isa = PBXBuildFile; fileRef = 811B215322FEEEE3007425C0 /* UI.swift */; };
		811B218722FF3ECA007425C0 /* L.png in Resources */ = {isa = PBXBuildFile; fileRef = 811B215922FF3EC9007425C0 /* L.png */; };
		811B218822FF3ECA007425C0 /* P.png in Resources */ = {isa = PBXBuildFile; fileRef = 811B215A22FF3EC9007425C0 /* P.png */; };
		811B218F22FF3ECA007425C0 /* G.png in Resources */ = {isa = PBXBuildFile; fileRef = 811B216122FF3EC9007425C0 /* G.png */; };
		811B21C822FF4187007425C0 /* settings.png in Resources */ = {isa = PBXBuildFile; fileRef = 811B21B922FF4186007425C0 /* settings.png */; };
		811B21ED22FF426B007425C0 /* summary.png in Resources */ = {isa = PBXBuildFile; fileRef = 811B21DE22FF426A007425C0 /* summary.png */; };
		811B224F22FF437B007425C0 /* goal.png in Resources */ = {isa = PBXBuildFile; fileRef = 811B221322FF436F007425C0 /* goal.png */; };
		811B22C523002A0E007425C0 /* Themes.swift in Sources */ = {isa = PBXBuildFile; fileRef = 811B22C423002A0E007425C0 /* Themes.swift */; };
		811B22D123002FE0007425C0 /* Arial Rounded Bold.ttf in Resources */ = {isa = PBXBuildFile; fileRef = 811B22D023002FE0007425C0 /* Arial Rounded Bold.ttf */; };
		811B22D523003946007425C0 /* ThemeProtocol.swift in Sources */ = {isa = PBXBuildFile; fileRef = 811B22D423003946007425C0 /* ThemeProtocol.swift */; };
		811B22D72300398B007425C0 /* DarkTheme.swift in Sources */ = {isa = PBXBuildFile; fileRef = 811B22D62300398B007425C0 /* DarkTheme.swift */; };
		811B22D923003A02007425C0 /* PersonalTheme.swift in Sources */ = {isa = PBXBuildFile; fileRef = 811B22D823003A02007425C0 /* PersonalTheme.swift */; };
		811B22DD230096A0007425C0 /* OrangeTheme.swift in Sources */ = {isa = PBXBuildFile; fileRef = 811B22DC230096A0007425C0 /* OrangeTheme.swift */; };
		811B22DF230096AD007425C0 /* GreenTheme.swift in Sources */ = {isa = PBXBuildFile; fileRef = 811B22DE230096AD007425C0 /* GreenTheme.swift */; };
		811B22E123009A23007425C0 /* BlueTheme.swift in Sources */ = {isa = PBXBuildFile; fileRef = 811B22E023009A23007425C0 /* BlueTheme.swift */; };
		81208AAF2303312600F6548E /* SideBarController.swift in Sources */ = {isa = PBXBuildFile; fileRef = 81208AAE2303312600F6548E /* SideBarController.swift */; };
		81208AB1230331F800F6548E /* HomeViewControllerTest.swift in Sources */ = {isa = PBXBuildFile; fileRef = 81208AB0230331F800F6548E /* HomeViewControllerTest.swift */; };
		81208AB92303382200F6548E /* HomeControllerDelegate.swift in Sources */ = {isa = PBXBuildFile; fileRef = 81208AB82303382200F6548E /* HomeControllerDelegate.swift */; };
		81208ABC2303386C00F6548E /* MenuOption.swift in Sources */ = {isa = PBXBuildFile; fileRef = 81208ABB2303386C00F6548E /* MenuOption.swift */; };
		81208ABF2303392900F6548E /* MenuOptionCell.swift in Sources */ = {isa = PBXBuildFile; fileRef = 81208ABE2303392900F6548E /* MenuOptionCell.swift */; };
		81208AC12303397E00F6548E /* MenuController.swift in Sources */ = {isa = PBXBuildFile; fileRef = 81208AC02303397E00F6548E /* MenuController.swift */; };
		81208AC62305C28C00F6548E /* Launchscreen_NO_CR.png in Resources */ = {isa = PBXBuildFile; fileRef = 81208AC52305C28C00F6548E /* Launchscreen_NO_CR.png */; };
		81208AC82307318B00F6548E /* ThemeItem.swift in Sources */ = {isa = PBXBuildFile; fileRef = 81208AC72307318B00F6548E /* ThemeItem.swift */; };
		8128598522D3D73500F1A406 /* GroupViewController.swift in Sources */ = {isa = PBXBuildFile; fileRef = 8128598422D3D73500F1A406 /* GroupViewController.swift */; };
		8128598722D3D75F00F1A406 /* LifeViewController.swift in Sources */ = {isa = PBXBuildFile; fileRef = 8128598622D3D75F00F1A406 /* LifeViewController.swift */; };
		8128598922D5059200F1A406 /* HomeViewController.swift in Sources */ = {isa = PBXBuildFile; fileRef = 8128598822D5059200F1A406 /* HomeViewController.swift */; };
		8131015A22F48B2800420AFE /* LoginViewController.swift in Sources */ = {isa = PBXBuildFile; fileRef = 8131015922F48B2800420AFE /* LoginViewController.swift */; };
		8132C34C22E2506D00EC79F2 /* iPhone X-XS – 1.png in Resources */ = {isa = PBXBuildFile; fileRef = 8132C32822E2506D00EC79F2 /* iPhone X-XS – 1.png */; };
		8132C34E22E2506D00EC79F2 /* iPhone X-XS – 1@3x.png in Resources */ = {isa = PBXBuildFile; fileRef = 8132C32A22E2506D00EC79F2 /* iPhone X-XS – 1@3x.png */; };
		8132C34F22E2506D00EC79F2 /* iPhone X-XS – 1@2x.png in Resources */ = {isa = PBXBuildFile; fileRef = 8132C32B22E2506D00EC79F2 /* iPhone X-XS – 1@2x.png */; };
		8132C35022E2506D00EC79F2 /* OddJobsLogo1x.png in Resources */ = {isa = PBXBuildFile; fileRef = 8132C32D22E2506D00EC79F2 /* OddJobsLogo1x.png */; };
		8132C35222E2506D00EC79F2 /* OddJobsLogo3x.png in Resources */ = {isa = PBXBuildFile; fileRef = 8132C32F22E2506D00EC79F2 /* OddJobsLogo3x.png */; };
		8132C35322E2506D00EC79F2 /* OddJobsLogo2x.png in Resources */ = {isa = PBXBuildFile; fileRef = 8132C33022E2506D00EC79F2 /* OddJobsLogo2x.png */; };
		8132C35422E2506D00EC79F2 /* icon_83.5@2x-1.png in Resources */ = {isa = PBXBuildFile; fileRef = 8132C33222E2506D00EC79F2 /* icon_83.5@2x-1.png */; };
		8132C35522E2506D00EC79F2 /* icon_20pt@2x-1.png in Resources */ = {isa = PBXBuildFile; fileRef = 8132C33322E2506D00EC79F2 /* icon_20pt@2x-1.png */; };
		8132C35622E2506D00EC79F2 /* icon_20pt@2x-2.png in Resources */ = {isa = PBXBuildFile; fileRef = 8132C33422E2506D00EC79F2 /* icon_20pt@2x-2.png */; };
		8132C35722E2506D00EC79F2 /* iPhone Spotlight 40pt@2x.png in Resources */ = {isa = PBXBuildFile; fileRef = 8132C33522E2506D00EC79F2 /* iPhone Spotlight 40pt@2x.png */; };
		8132C35822E2506D00EC79F2 /* icon_40pt@2x-1.png in Resources */ = {isa = PBXBuildFile; fileRef = 8132C33622E2506D00EC79F2 /* icon_40pt@2x-1.png */; };
		8132C35922E2506D00EC79F2 /* iPhone Spotlight 40pt@3x.png in Resources */ = {isa = PBXBuildFile; fileRef = 8132C33722E2506D00EC79F2 /* iPhone Spotlight 40pt@3x.png */; };
		8132C35A22E2506D00EC79F2 /* iPhone App 60pt@3x.png in Resources */ = {isa = PBXBuildFile; fileRef = 8132C33822E2506D00EC79F2 /* iPhone App 60pt@3x.png */; };
		8132C35B22E2506D00EC79F2 /* icon_29pt@2x-1.png in Resources */ = {isa = PBXBuildFile; fileRef = 8132C33922E2506D00EC79F2 /* icon_29pt@2x-1.png */; };
		8132C35C22E2506D00EC79F2 /* icon_40pt-1.png in Resources */ = {isa = PBXBuildFile; fileRef = 8132C33A22E2506D00EC79F2 /* icon_40pt-1.png */; };
		8132C35E22E2506D00EC79F2 /* App Store iOS.png in Resources */ = {isa = PBXBuildFile; fileRef = 8132C33C22E2506D00EC79F2 /* App Store iOS.png */; };
		8132C35F22E2506D00EC79F2 /* icon_76pt-1.png in Resources */ = {isa = PBXBuildFile; fileRef = 8132C33D22E2506D00EC79F2 /* icon_76pt-1.png */; };
		8132C36022E2506D00EC79F2 /* iPhone App 60pt@2x.png in Resources */ = {isa = PBXBuildFile; fileRef = 8132C33E22E2506D00EC79F2 /* iPhone App 60pt@2x.png */; };
		8132C36122E2506D00EC79F2 /* icon_76pt@2x-1.png in Resources */ = {isa = PBXBuildFile; fileRef = 8132C33F22E2506D00EC79F2 /* icon_76pt@2x-1.png */; };
		8132C36222E2506D00EC79F2 /* icon_29pt-1.png in Resources */ = {isa = PBXBuildFile; fileRef = 8132C34022E2506D00EC79F2 /* icon_29pt-1.png */; };
		8132C36322E2506D00EC79F2 /* iPhone Settings 29pt@2x.png in Resources */ = {isa = PBXBuildFile; fileRef = 8132C34122E2506D00EC79F2 /* iPhone Settings 29pt@2x.png */; };
		8132C36422E2506D00EC79F2 /* iPhone Settings 29pt@3x.png in Resources */ = {isa = PBXBuildFile; fileRef = 8132C34222E2506D00EC79F2 /* iPhone Settings 29pt@3x.png */; };
		8132C36522E2506D00EC79F2 /* icon_29pt.png in Resources */ = {isa = PBXBuildFile; fileRef = 8132C34322E2506D00EC79F2 /* icon_29pt.png */; };
		8132C36622E2506D00EC79F2 /* iPhone Notification 20pt@3x.png in Resources */ = {isa = PBXBuildFile; fileRef = 8132C34422E2506D00EC79F2 /* iPhone Notification 20pt@3x.png */; };
		8132C36722E2506D00EC79F2 /* icon_20pt-5.png in Resources */ = {isa = PBXBuildFile; fileRef = 8132C34522E2506D00EC79F2 /* icon_20pt-5.png */; };
		8132C36822E2506D00EC79F2 /* Launchscreen.png in Resources */ = {isa = PBXBuildFile; fileRef = 8132C34722E2506D00EC79F2 /* Launchscreen.png */; };
		8132C36A22E2506D00EC79F2 /* Launchscreen@3x.png in Resources */ = {isa = PBXBuildFile; fileRef = 8132C34922E2506D00EC79F2 /* Launchscreen@3x.png */; };
		8132C36B22E2506D00EC79F2 /* Launchscreen@2x.png in Resources */ = {isa = PBXBuildFile; fileRef = 8132C34A22E2506D00EC79F2 /* Launchscreen@2x.png */; };
		8132C36E22E2511800EC79F2 /* Assets.xcassets in Resources */ = {isa = PBXBuildFile; fileRef = 8132C36D22E2511800EC79F2 /* Assets.xcassets */; };
		8132C37022E4E26B00EC79F2 /* SharedFunctions.swift in Sources */ = {isa = PBXBuildFile; fileRef = 8132C36F22E4E26B00EC79F2 /* SharedFunctions.swift */; };
		8132C37222E76F1E00EC79F2 /* Locations.swift in Sources */ = {isa = PBXBuildFile; fileRef = 8132C37122E76F1E00EC79F2 /* Locations.swift */; };
		8132C37822E77CD000EC79F2 /* MapTasksViewController.swift in Sources */ = {isa = PBXBuildFile; fileRef = 8132C37722E77CD000EC79F2 /* MapTasksViewController.swift */; };
		814B51B922D67E7500102E73 /* ThemesViewController.swift in Sources */ = {isa = PBXBuildFile; fileRef = 814B51B822D67E7500102E73 /* ThemesViewController.swift */; };
		814B51BB22D6812000102E73 /* SettingItem.swift in Sources */ = {isa = PBXBuildFile; fileRef = 814B51BA22D6812000102E73 /* SettingItem.swift */; };
		814B51C322D79E5500102E73 /* Colours.swift in Sources */ = {isa = PBXBuildFile; fileRef = 814B51C222D79E5500102E73 /* Colours.swift */; };
		814B51C722DCF4F300102E73 /* ScoreItem.swift in Sources */ = {isa = PBXBuildFile; fileRef = 814B51C622DCF4F300102E73 /* ScoreItem.swift */; };
		814B51C922DCF92700102E73 /* ScoreViewController.swift in Sources */ = {isa = PBXBuildFile; fileRef = 814B51C822DCF92700102E73 /* ScoreViewController.swift */; };
		816B8AF022D21EB200C630B9 /* AppDelegate.swift in Sources */ = {isa = PBXBuildFile; fileRef = 816B8AEF22D21EB200C630B9 /* AppDelegate.swift */; };
		816B8AF522D21EB200C630B9 /* Main.storyboard in Resources */ = {isa = PBXBuildFile; fileRef = 816B8AF322D21EB200C630B9 /* Main.storyboard */; };
		816B8AFA22D21EB200C630B9 /* LaunchScreen.storyboard in Resources */ = {isa = PBXBuildFile; fileRef = 816B8AF822D21EB200C630B9 /* LaunchScreen.storyboard */; };
		816B8B0322D21FA400C630B9 /* Constants.swift in Sources */ = {isa = PBXBuildFile; fileRef = 816B8B0222D21FA400C630B9 /* Constants.swift */; };
		816B8B0822D2209F00C630B9 /* OddJobItem.swift in Sources */ = {isa = PBXBuildFile; fileRef = 816B8B0722D2209F00C630B9 /* OddJobItem.swift */; };
		816B8B0A22D220B900C630B9 /* PersonalViewController.swift in Sources */ = {isa = PBXBuildFile; fileRef = 816B8B0922D220B900C630B9 /* PersonalViewController.swift */; };
		8192CCDF22E8E900001AC3A9 /* MapItem.swift in Sources */ = {isa = PBXBuildFile; fileRef = 8192CCDE22E8E900001AC3A9 /* MapItem.swift */; };
		8192CCE222E8ECBD001AC3A9 /* home.gpx in Resources */ = {isa = PBXBuildFile; fileRef = 8192CCE122E8ECBD001AC3A9 /* home.gpx */; };
		8192CCE822EE0422001AC3A9 /* Extensions.swift in Sources */ = {isa = PBXBuildFile; fileRef = 8192CCE722EE0422001AC3A9 /* Extensions.swift */; };
		F0654FBB352D45F4EF03C026 /* Pods_Odd_Jobs_Realm.framework in Frameworks */ = {isa = PBXBuildFile; fileRef = 07AB7D7A8EB3A6F034CA7DB6 /* Pods_Odd_Jobs_Realm.framework */; };
/* End PBXBuildFile section */

/* Begin PBXFileReference section */
		07AB7D7A8EB3A6F034CA7DB6 /* Pods_Odd_Jobs_Realm.framework */ = {isa = PBXFileReference; explicitFileType = wrapper.framework; includeInIndex = 0; path = Pods_Odd_Jobs_Realm.framework; sourceTree = BUILT_PRODUCTS_DIR; };
		24E2C0D59615800237B33C31 /* Pods-Odd_Jobs_Realm.release.xcconfig */ = {isa = PBXFileReference; includeInIndex = 1; lastKnownFileType = text.xcconfig; name = "Pods-Odd_Jobs_Realm.release.xcconfig"; path = "Pods/Target Support Files/Pods-Odd_Jobs_Realm/Pods-Odd_Jobs_Realm.release.xcconfig"; sourceTree = "<group>"; };
		3E76AB4AA925A7D2984748F9 /* Pods-Odd_Jobs_Realm.debug.xcconfig */ = {isa = PBXFileReference; includeInIndex = 1; lastKnownFileType = text.xcconfig; name = "Pods-Odd_Jobs_Realm.debug.xcconfig"; path = "Pods/Target Support Files/Pods-Odd_Jobs_Realm/Pods-Odd_Jobs_Realm.debug.xcconfig"; sourceTree = "<group>"; };
		811B214522F7120A007425C0 /* UserItem.swift */ = {isa = PBXFileReference; lastKnownFileType = sourcecode.swift; path = UserItem.swift; sourceTree = "<group>"; };
		811B214922FD8320007425C0 /* HolidayItem.swift */ = {isa = PBXFileReference; lastKnownFileType = sourcecode.swift; path = HolidayItem.swift; sourceTree = "<group>"; };
		811B214B22FDB644007425C0 /* SummaryViewController.swift */ = {isa = PBXFileReference; lastKnownFileType = sourcecode.swift; path = SummaryViewController.swift; sourceTree = "<group>"; };
		811B214F22FDC910007425C0 /* MenuBar.swift */ = {isa = PBXFileReference; lastKnownFileType = sourcecode.swift; path = MenuBar.swift; sourceTree = "<group>"; };
		811B215322FEEEE3007425C0 /* UI.swift */ = {isa = PBXFileReference; lastKnownFileType = sourcecode.swift; path = UI.swift; sourceTree = "<group>"; };
		811B215922FF3EC9007425C0 /* L.png */ = {isa = PBXFileReference; lastKnownFileType = image.png; path = L.png; sourceTree = "<group>"; };
		811B215A22FF3EC9007425C0 /* P.png */ = {isa = PBXFileReference; lastKnownFileType = image.png; path = P.png; sourceTree = "<group>"; };
		811B216122FF3EC9007425C0 /* G.png */ = {isa = PBXFileReference; lastKnownFileType = image.png; path = G.png; sourceTree = "<group>"; };
		811B21B922FF4186007425C0 /* settings.png */ = {isa = PBXFileReference; lastKnownFileType = image.png; path = settings.png; sourceTree = "<group>"; };
		811B21DE22FF426A007425C0 /* summary.png */ = {isa = PBXFileReference; lastKnownFileType = image.png; path = summary.png; sourceTree = "<group>"; };
		811B221322FF436F007425C0 /* goal.png */ = {isa = PBXFileReference; lastKnownFileType = image.png; path = goal.png; sourceTree = "<group>"; };
		811B22C423002A0E007425C0 /* Themes.swift */ = {isa = PBXFileReference; lastKnownFileType = sourcecode.swift; path = Themes.swift; sourceTree = "<group>"; };
		811B22D023002FE0007425C0 /* Arial Rounded Bold.ttf */ = {isa = PBXFileReference; lastKnownFileType = file; name = "Arial Rounded Bold.ttf"; path = "../../../../../../Library/Fonts/Arial Rounded Bold.ttf"; sourceTree = "<group>"; };
		811B22D423003946007425C0 /* ThemeProtocol.swift */ = {isa = PBXFileReference; lastKnownFileType = sourcecode.swift; path = ThemeProtocol.swift; sourceTree = "<group>"; };
		811B22D62300398B007425C0 /* DarkTheme.swift */ = {isa = PBXFileReference; lastKnownFileType = sourcecode.swift; path = DarkTheme.swift; sourceTree = "<group>"; };
		811B22D823003A02007425C0 /* PersonalTheme.swift */ = {isa = PBXFileReference; lastKnownFileType = sourcecode.swift; path = PersonalTheme.swift; sourceTree = "<group>"; };
		811B22DC230096A0007425C0 /* OrangeTheme.swift */ = {isa = PBXFileReference; lastKnownFileType = sourcecode.swift; path = OrangeTheme.swift; sourceTree = "<group>"; };
		811B22DE230096AD007425C0 /* GreenTheme.swift */ = {isa = PBXFileReference; lastKnownFileType = sourcecode.swift; path = GreenTheme.swift; sourceTree = "<group>"; };
		811B22E023009A23007425C0 /* BlueTheme.swift */ = {isa = PBXFileReference; lastKnownFileType = sourcecode.swift; path = BlueTheme.swift; sourceTree = "<group>"; };
		81208AAE2303312600F6548E /* SideBarController.swift */ = {isa = PBXFileReference; lastKnownFileType = sourcecode.swift; path = SideBarController.swift; sourceTree = "<group>"; };
		81208AB0230331F800F6548E /* HomeViewControllerTest.swift */ = {isa = PBXFileReference; lastKnownFileType = sourcecode.swift; path = HomeViewControllerTest.swift; sourceTree = "<group>"; };
		81208AB82303382200F6548E /* HomeControllerDelegate.swift */ = {isa = PBXFileReference; lastKnownFileType = sourcecode.swift; path = HomeControllerDelegate.swift; sourceTree = "<group>"; };
		81208ABB2303386C00F6548E /* MenuOption.swift */ = {isa = PBXFileReference; lastKnownFileType = sourcecode.swift; path = MenuOption.swift; sourceTree = "<group>"; };
		81208ABE2303392900F6548E /* MenuOptionCell.swift */ = {isa = PBXFileReference; lastKnownFileType = sourcecode.swift; path = MenuOptionCell.swift; sourceTree = "<group>"; };
		81208AC02303397E00F6548E /* MenuController.swift */ = {isa = PBXFileReference; lastKnownFileType = sourcecode.swift; path = MenuController.swift; sourceTree = "<group>"; };
		81208AC52305C28C00F6548E /* Launchscreen_NO_CR.png */ = {isa = PBXFileReference; lastKnownFileType = image.png; path = Launchscreen_NO_CR.png; sourceTree = "<group>"; };
		81208AC72307318B00F6548E /* ThemeItem.swift */ = {isa = PBXFileReference; lastKnownFileType = sourcecode.swift; path = ThemeItem.swift; sourceTree = "<group>"; };
		8128598422D3D73500F1A406 /* GroupViewController.swift */ = {isa = PBXFileReference; lastKnownFileType = sourcecode.swift; path = GroupViewController.swift; sourceTree = "<group>"; };
		8128598622D3D75F00F1A406 /* LifeViewController.swift */ = {isa = PBXFileReference; lastKnownFileType = sourcecode.swift; path = LifeViewController.swift; sourceTree = "<group>"; };
		8128598822D5059200F1A406 /* HomeViewController.swift */ = {isa = PBXFileReference; lastKnownFileType = sourcecode.swift; path = HomeViewController.swift; sourceTree = "<group>"; };
		8131015922F48B2800420AFE /* LoginViewController.swift */ = {isa = PBXFileReference; lastKnownFileType = sourcecode.swift; path = LoginViewController.swift; sourceTree = "<group>"; };
		8132C32822E2506D00EC79F2 /* iPhone X-XS – 1.png */ = {isa = PBXFileReference; lastKnownFileType = image.png; path = "iPhone X-XS – 1.png"; sourceTree = "<group>"; };
		8132C32A22E2506D00EC79F2 /* iPhone X-XS – 1@3x.png */ = {isa = PBXFileReference; lastKnownFileType = image.png; path = "iPhone X-XS – 1@3x.png"; sourceTree = "<group>"; };
		8132C32B22E2506D00EC79F2 /* iPhone X-XS – 1@2x.png */ = {isa = PBXFileReference; lastKnownFileType = image.png; path = "iPhone X-XS – 1@2x.png"; sourceTree = "<group>"; };
		8132C32D22E2506D00EC79F2 /* OddJobsLogo1x.png */ = {isa = PBXFileReference; lastKnownFileType = image.png; path = OddJobsLogo1x.png; sourceTree = "<group>"; };
		8132C32F22E2506D00EC79F2 /* OddJobsLogo3x.png */ = {isa = PBXFileReference; lastKnownFileType = image.png; path = OddJobsLogo3x.png; sourceTree = "<group>"; };
		8132C33022E2506D00EC79F2 /* OddJobsLogo2x.png */ = {isa = PBXFileReference; lastKnownFileType = image.png; path = OddJobsLogo2x.png; sourceTree = "<group>"; };
		8132C33222E2506D00EC79F2 /* icon_83.5@2x-1.png */ = {isa = PBXFileReference; lastKnownFileType = image.png; path = "icon_83.5@2x-1.png"; sourceTree = "<group>"; };
		8132C33322E2506D00EC79F2 /* icon_20pt@2x-1.png */ = {isa = PBXFileReference; lastKnownFileType = image.png; path = "icon_20pt@2x-1.png"; sourceTree = "<group>"; };
		8132C33422E2506D00EC79F2 /* icon_20pt@2x-2.png */ = {isa = PBXFileReference; lastKnownFileType = image.png; path = "icon_20pt@2x-2.png"; sourceTree = "<group>"; };
		8132C33522E2506D00EC79F2 /* iPhone Spotlight 40pt@2x.png */ = {isa = PBXFileReference; lastKnownFileType = image.png; path = "iPhone Spotlight 40pt@2x.png"; sourceTree = "<group>"; };
		8132C33622E2506D00EC79F2 /* icon_40pt@2x-1.png */ = {isa = PBXFileReference; lastKnownFileType = image.png; path = "icon_40pt@2x-1.png"; sourceTree = "<group>"; };
		8132C33722E2506D00EC79F2 /* iPhone Spotlight 40pt@3x.png */ = {isa = PBXFileReference; lastKnownFileType = image.png; path = "iPhone Spotlight 40pt@3x.png"; sourceTree = "<group>"; };
		8132C33822E2506D00EC79F2 /* iPhone App 60pt@3x.png */ = {isa = PBXFileReference; lastKnownFileType = image.png; path = "iPhone App 60pt@3x.png"; sourceTree = "<group>"; };
		8132C33922E2506D00EC79F2 /* icon_29pt@2x-1.png */ = {isa = PBXFileReference; lastKnownFileType = image.png; path = "icon_29pt@2x-1.png"; sourceTree = "<group>"; };
		8132C33A22E2506D00EC79F2 /* icon_40pt-1.png */ = {isa = PBXFileReference; lastKnownFileType = image.png; path = "icon_40pt-1.png"; sourceTree = "<group>"; };
		8132C33C22E2506D00EC79F2 /* App Store iOS.png */ = {isa = PBXFileReference; lastKnownFileType = image.png; path = "App Store iOS.png"; sourceTree = "<group>"; };
		8132C33D22E2506D00EC79F2 /* icon_76pt-1.png */ = {isa = PBXFileReference; lastKnownFileType = image.png; path = "icon_76pt-1.png"; sourceTree = "<group>"; };
		8132C33E22E2506D00EC79F2 /* iPhone App 60pt@2x.png */ = {isa = PBXFileReference; lastKnownFileType = image.png; path = "iPhone App 60pt@2x.png"; sourceTree = "<group>"; };
		8132C33F22E2506D00EC79F2 /* icon_76pt@2x-1.png */ = {isa = PBXFileReference; lastKnownFileType = image.png; path = "icon_76pt@2x-1.png"; sourceTree = "<group>"; };
		8132C34022E2506D00EC79F2 /* icon_29pt-1.png */ = {isa = PBXFileReference; lastKnownFileType = image.png; path = "icon_29pt-1.png"; sourceTree = "<group>"; };
		8132C34122E2506D00EC79F2 /* iPhone Settings 29pt@2x.png */ = {isa = PBXFileReference; lastKnownFileType = image.png; path = "iPhone Settings 29pt@2x.png"; sourceTree = "<group>"; };
		8132C34222E2506D00EC79F2 /* iPhone Settings 29pt@3x.png */ = {isa = PBXFileReference; lastKnownFileType = image.png; path = "iPhone Settings 29pt@3x.png"; sourceTree = "<group>"; };
		8132C34322E2506D00EC79F2 /* icon_29pt.png */ = {isa = PBXFileReference; lastKnownFileType = image.png; path = icon_29pt.png; sourceTree = "<group>"; };
		8132C34422E2506D00EC79F2 /* iPhone Notification 20pt@3x.png */ = {isa = PBXFileReference; lastKnownFileType = image.png; path = "iPhone Notification 20pt@3x.png"; sourceTree = "<group>"; };
		8132C34522E2506D00EC79F2 /* icon_20pt-5.png */ = {isa = PBXFileReference; lastKnownFileType = image.png; path = "icon_20pt-5.png"; sourceTree = "<group>"; };
		8132C34722E2506D00EC79F2 /* Launchscreen.png */ = {isa = PBXFileReference; lastKnownFileType = image.png; path = Launchscreen.png; sourceTree = "<group>"; };
		8132C34922E2506D00EC79F2 /* Launchscreen@3x.png */ = {isa = PBXFileReference; lastKnownFileType = image.png; path = "Launchscreen@3x.png"; sourceTree = "<group>"; };
		8132C34A22E2506D00EC79F2 /* Launchscreen@2x.png */ = {isa = PBXFileReference; lastKnownFileType = image.png; path = "Launchscreen@2x.png"; sourceTree = "<group>"; };
		8132C36D22E2511800EC79F2 /* Assets.xcassets */ = {isa = PBXFileReference; lastKnownFileType = folder.assetcatalog; path = Assets.xcassets; sourceTree = "<group>"; };
		8132C36F22E4E26B00EC79F2 /* SharedFunctions.swift */ = {isa = PBXFileReference; lastKnownFileType = sourcecode.swift; path = SharedFunctions.swift; sourceTree = "<group>"; };
		8132C37122E76F1E00EC79F2 /* Locations.swift */ = {isa = PBXFileReference; lastKnownFileType = sourcecode.swift; path = Locations.swift; sourceTree = "<group>"; };
		8132C37722E77CD000EC79F2 /* MapTasksViewController.swift */ = {isa = PBXFileReference; lastKnownFileType = sourcecode.swift; name = MapTasksViewController.swift; path = /Users/alandoonan/Desktop/Odd_Jobs_Realm/Controllers/MapTasksViewController.swift; sourceTree = "<absolute>"; };
		814B51B822D67E7500102E73 /* ThemesViewController.swift */ = {isa = PBXFileReference; lastKnownFileType = sourcecode.swift; path = ThemesViewController.swift; sourceTree = "<group>"; };
		814B51BA22D6812000102E73 /* SettingItem.swift */ = {isa = PBXFileReference; lastKnownFileType = sourcecode.swift; path = SettingItem.swift; sourceTree = "<group>"; };
		814B51C222D79E5500102E73 /* Colours.swift */ = {isa = PBXFileReference; lastKnownFileType = sourcecode.swift; path = Colours.swift; sourceTree = "<group>"; };
		814B51C622DCF4F300102E73 /* ScoreItem.swift */ = {isa = PBXFileReference; lastKnownFileType = sourcecode.swift; path = ScoreItem.swift; sourceTree = "<group>"; };
		814B51C822DCF92700102E73 /* ScoreViewController.swift */ = {isa = PBXFileReference; lastKnownFileType = sourcecode.swift; path = ScoreViewController.swift; sourceTree = "<group>"; };
		816B8AEC22D21EB200C630B9 /* Odd_Jobs_Realm.app */ = {isa = PBXFileReference; explicitFileType = wrapper.application; includeInIndex = 0; path = Odd_Jobs_Realm.app; sourceTree = BUILT_PRODUCTS_DIR; };
		816B8AEF22D21EB200C630B9 /* AppDelegate.swift */ = {isa = PBXFileReference; lastKnownFileType = sourcecode.swift; path = AppDelegate.swift; sourceTree = "<group>"; };
		816B8AF422D21EB200C630B9 /* Base */ = {isa = PBXFileReference; lastKnownFileType = file.storyboard; name = Base; path = Base.lproj/Main.storyboard; sourceTree = "<group>"; };
		816B8AF922D21EB200C630B9 /* Base */ = {isa = PBXFileReference; lastKnownFileType = file.storyboard; name = Base; path = Base.lproj/LaunchScreen.storyboard; sourceTree = "<group>"; };
		816B8AFB22D21EB200C630B9 /* Info.plist */ = {isa = PBXFileReference; lastKnownFileType = text.plist.xml; path = Info.plist; sourceTree = "<group>"; };
		816B8B0222D21FA400C630B9 /* Constants.swift */ = {isa = PBXFileReference; lastKnownFileType = sourcecode.swift; path = Constants.swift; sourceTree = "<group>"; };
		816B8B0722D2209F00C630B9 /* OddJobItem.swift */ = {isa = PBXFileReference; lastKnownFileType = sourcecode.swift; path = OddJobItem.swift; sourceTree = "<group>"; };
		816B8B0922D220B900C630B9 /* PersonalViewController.swift */ = {isa = PBXFileReference; lastKnownFileType = sourcecode.swift; path = PersonalViewController.swift; sourceTree = "<group>"; };
		8192CCDE22E8E900001AC3A9 /* MapItem.swift */ = {isa = PBXFileReference; lastKnownFileType = sourcecode.swift; path = MapItem.swift; sourceTree = "<group>"; };
		8192CCE122E8ECBD001AC3A9 /* home.gpx */ = {isa = PBXFileReference; fileEncoding = 4; lastKnownFileType = text.xml; path = home.gpx; sourceTree = "<group>"; };
		8192CCE722EE0422001AC3A9 /* Extensions.swift */ = {isa = PBXFileReference; lastKnownFileType = sourcecode.swift; path = Extensions.swift; sourceTree = "<group>"; };
/* End PBXFileReference section */

/* Begin PBXFrameworksBuildPhase section */
		816B8AE922D21EB200C630B9 /* Frameworks */ = {
			isa = PBXFrameworksBuildPhase;
			buildActionMask = 2147483647;
			files = (
				F0654FBB352D45F4EF03C026 /* Pods_Odd_Jobs_Realm.framework in Frameworks */,
			);
			runOnlyForDeploymentPostprocessing = 0;
		};
/* End PBXFrameworksBuildPhase section */

/* Begin PBXGroup section */
		607F930F42DE59049832331F /* Pods */ = {
			isa = PBXGroup;
			children = (
				3E76AB4AA925A7D2984748F9 /* Pods-Odd_Jobs_Realm.debug.xcconfig */,
				24E2C0D59615800237B33C31 /* Pods-Odd_Jobs_Realm.release.xcconfig */,
			);
			name = Pods;
			sourceTree = "<group>";
		};
		811B214E22FDC902007425C0 /* UI */ = {
			isa = PBXGroup;
			children = (
				81208AC42304716300F6548E /* Themes */,
				811B22CE23002FAD007425C0 /* Fonts */,
				8132C32622E2506D00EC79F2 /* Images */,
				811B214F22FDC910007425C0 /* MenuBar.swift */,
				811B215322FEEEE3007425C0 /* UI.swift */,
			);
			path = UI;
			sourceTree = "<group>";
		};
		811B215522FF3EC9007425C0 /* iOS Icons */ = {
			isa = PBXGroup;
			children = (
				811B215922FF3EC9007425C0 /* L.png */,
				811B215A22FF3EC9007425C0 /* P.png */,
				811B21DE22FF426A007425C0 /* summary.png */,
				811B221322FF436F007425C0 /* goal.png */,
				811B21B922FF4186007425C0 /* settings.png */,
				811B216122FF3EC9007425C0 /* G.png */,
			);
			path = "iOS Icons";
			sourceTree = "<group>";
		};
		811B22CE23002FAD007425C0 /* Fonts */ = {
			isa = PBXGroup;
			children = (
				811B22D023002FE0007425C0 /* Arial Rounded Bold.ttf */,
			);
			path = Fonts;
			sourceTree = "<group>";
		};
		81208AB72303380D00F6548E /* Protocols */ = {
			isa = PBXGroup;
			children = (
				81208AB82303382200F6548E /* HomeControllerDelegate.swift */,
			);
			path = Protocols;
			sourceTree = "<group>";
		};
		81208ABA2303385900F6548E /* Model */ = {
			isa = PBXGroup;
			children = (
				81208ABB2303386C00F6548E /* MenuOption.swift */,
			);
			path = Model;
			sourceTree = "<group>";
		};
		81208ABD2303391E00F6548E /* Views */ = {
			isa = PBXGroup;
			children = (
				81208ABE2303392900F6548E /* MenuOptionCell.swift */,
			);
			path = Views;
			sourceTree = "<group>";
		};
		81208AC42304716300F6548E /* Themes */ = {
			isa = PBXGroup;
			children = (
				811B22C423002A0E007425C0 /* Themes.swift */,
				811B22D423003946007425C0 /* ThemeProtocol.swift */,
				811B22D62300398B007425C0 /* DarkTheme.swift */,
				811B22D823003A02007425C0 /* PersonalTheme.swift */,
				811B22DC230096A0007425C0 /* OrangeTheme.swift */,
				811B22DE230096AD007425C0 /* GreenTheme.swift */,
				811B22E023009A23007425C0 /* BlueTheme.swift */,
			);
			path = Themes;
			sourceTree = "<group>";
		};
		8132C32622E2506D00EC79F2 /* Images */ = {
			isa = PBXGroup;
			children = (
				8132C36D22E2511800EC79F2 /* Assets.xcassets */,
				811B215522FF3EC9007425C0 /* iOS Icons */,
				8132C32722E2506D00EC79F2 /* Logo */,
				8132C32C22E2506D00EC79F2 /* LogoSmall */,
				8132C33122E2506D00EC79F2 /* App Icons */,
				8132C34622E2506D00EC79F2 /* Launch Screen */,
			);
			path = Images;
			sourceTree = "<group>";
		};
		8132C32722E2506D00EC79F2 /* Logo */ = {
			isa = PBXGroup;
			children = (
				81208AC52305C28C00F6548E /* Launchscreen_NO_CR.png */,
				8132C32822E2506D00EC79F2 /* iPhone X-XS – 1.png */,
				8132C32A22E2506D00EC79F2 /* iPhone X-XS – 1@3x.png */,
				8132C32B22E2506D00EC79F2 /* iPhone X-XS – 1@2x.png */,
			);
			path = Logo;
			sourceTree = "<group>";
		};
		8132C32C22E2506D00EC79F2 /* LogoSmall */ = {
			isa = PBXGroup;
			children = (
				8132C32D22E2506D00EC79F2 /* OddJobsLogo1x.png */,
				8132C32F22E2506D00EC79F2 /* OddJobsLogo3x.png */,
				8132C33022E2506D00EC79F2 /* OddJobsLogo2x.png */,
			);
			path = LogoSmall;
			sourceTree = "<group>";
		};
		8132C33122E2506D00EC79F2 /* App Icons */ = {
			isa = PBXGroup;
			children = (
				8132C33222E2506D00EC79F2 /* icon_83.5@2x-1.png */,
				8132C33322E2506D00EC79F2 /* icon_20pt@2x-1.png */,
				8132C33422E2506D00EC79F2 /* icon_20pt@2x-2.png */,
				8132C33522E2506D00EC79F2 /* iPhone Spotlight 40pt@2x.png */,
				8132C33622E2506D00EC79F2 /* icon_40pt@2x-1.png */,
				8132C33722E2506D00EC79F2 /* iPhone Spotlight 40pt@3x.png */,
				8132C33822E2506D00EC79F2 /* iPhone App 60pt@3x.png */,
				8132C33922E2506D00EC79F2 /* icon_29pt@2x-1.png */,
				8132C33A22E2506D00EC79F2 /* icon_40pt-1.png */,
				8132C33C22E2506D00EC79F2 /* App Store iOS.png */,
				8132C33D22E2506D00EC79F2 /* icon_76pt-1.png */,
				8132C33E22E2506D00EC79F2 /* iPhone App 60pt@2x.png */,
				8132C33F22E2506D00EC79F2 /* icon_76pt@2x-1.png */,
				8132C34022E2506D00EC79F2 /* icon_29pt-1.png */,
				8132C34122E2506D00EC79F2 /* iPhone Settings 29pt@2x.png */,
				8132C34222E2506D00EC79F2 /* iPhone Settings 29pt@3x.png */,
				8132C34322E2506D00EC79F2 /* icon_29pt.png */,
				8132C34422E2506D00EC79F2 /* iPhone Notification 20pt@3x.png */,
				8132C34522E2506D00EC79F2 /* icon_20pt-5.png */,
			);
			path = "App Icons";
			sourceTree = "<group>";
		};
		8132C34622E2506D00EC79F2 /* Launch Screen */ = {
			isa = PBXGroup;
			children = (
				8132C34722E2506D00EC79F2 /* Launchscreen.png */,
				8132C34922E2506D00EC79F2 /* Launchscreen@3x.png */,
				8132C34A22E2506D00EC79F2 /* Launchscreen@2x.png */,
			);
			path = "Launch Screen";
			sourceTree = "<group>";
		};
		816B8AE322D21EB200C630B9 = {
			isa = PBXGroup;
			children = (
				81208ABD2303391E00F6548E /* Views */,
				81208ABA2303385900F6548E /* Model */,
				81208AB72303380D00F6548E /* Protocols */,
				811B214E22FDC902007425C0 /* UI */,
				8192CCE022E8ECB1001AC3A9 /* Other */,
				816B8B0622D21FC900C630B9 /* Controllers */,
				816B8B0122D21F9500C630B9 /* Structures */,
				816B8AEE22D21EB200C630B9 /* Odd_Jobs_Realm */,
				816B8AED22D21EB200C630B9 /* Products */,
				607F930F42DE59049832331F /* Pods */,
				FB1B6878DEC4E8D1201CE6FE /* Frameworks */,
			);
			sourceTree = "<group>";
		};
		816B8AED22D21EB200C630B9 /* Products */ = {
			isa = PBXGroup;
			children = (
				816B8AEC22D21EB200C630B9 /* Odd_Jobs_Realm.app */,
			);
			name = Products;
			sourceTree = "<group>";
		};
		816B8AEE22D21EB200C630B9 /* Odd_Jobs_Realm */ = {
			isa = PBXGroup;
			children = (
				816B8AEF22D21EB200C630B9 /* AppDelegate.swift */,
				816B8AF322D21EB200C630B9 /* Main.storyboard */,
				816B8AF822D21EB200C630B9 /* LaunchScreen.storyboard */,
				816B8AFB22D21EB200C630B9 /* Info.plist */,
			);
			path = Odd_Jobs_Realm;
			sourceTree = "<group>";
		};
		816B8B0122D21F9500C630B9 /* Structures */ = {
			isa = PBXGroup;
			children = (
				816B8B0222D21FA400C630B9 /* Constants.swift */,
				816B8B0722D2209F00C630B9 /* OddJobItem.swift */,
				814B51BA22D6812000102E73 /* SettingItem.swift */,
				814B51C222D79E5500102E73 /* Colours.swift */,
				814B51C622DCF4F300102E73 /* ScoreItem.swift */,
				8132C36F22E4E26B00EC79F2 /* SharedFunctions.swift */,
				8132C37122E76F1E00EC79F2 /* Locations.swift */,
				8192CCDE22E8E900001AC3A9 /* MapItem.swift */,
				811B214522F7120A007425C0 /* UserItem.swift */,
				811B214922FD8320007425C0 /* HolidayItem.swift */,
				81208AC72307318B00F6548E /* ThemeItem.swift */,
			);
			path = Structures;
			sourceTree = "<group>";
		};
		816B8B0622D21FC900C630B9 /* Controllers */ = {
			isa = PBXGroup;
			children = (
				8131015922F48B2800420AFE /* LoginViewController.swift */,
				816B8B0922D220B900C630B9 /* PersonalViewController.swift */,
				8128598422D3D73500F1A406 /* GroupViewController.swift */,
				8128598622D3D75F00F1A406 /* LifeViewController.swift */,
				811B214B22FDB644007425C0 /* SummaryViewController.swift */,
				814B51B822D67E7500102E73 /* ThemesViewController.swift */,
				8132C37722E77CD000EC79F2 /* MapTasksViewController.swift */,
				8128598822D5059200F1A406 /* HomeViewController.swift */,
				814B51C822DCF92700102E73 /* ScoreViewController.swift */,
				8192CCE722EE0422001AC3A9 /* Extensions.swift */,
				81208AAE2303312600F6548E /* SideBarController.swift */,
				81208AB0230331F800F6548E /* HomeViewControllerTest.swift */,
				81208AC02303397E00F6548E /* MenuController.swift */,
			);
			path = Controllers;
			sourceTree = "<group>";
		};
		8192CCE022E8ECB1001AC3A9 /* Other */ = {
			isa = PBXGroup;
			children = (
				8192CCE122E8ECBD001AC3A9 /* home.gpx */,
			);
			path = Other;
			sourceTree = "<group>";
		};
		FB1B6878DEC4E8D1201CE6FE /* Frameworks */ = {
			isa = PBXGroup;
			children = (
				07AB7D7A8EB3A6F034CA7DB6 /* Pods_Odd_Jobs_Realm.framework */,
			);
			name = Frameworks;
			sourceTree = "<group>";
		};
/* End PBXGroup section */

/* Begin PBXNativeTarget section */
		816B8AEB22D21EB200C630B9 /* Odd_Jobs_Realm */ = {
			isa = PBXNativeTarget;
			buildConfigurationList = 816B8AFE22D21EB200C630B9 /* Build configuration list for PBXNativeTarget "Odd_Jobs_Realm" */;
			buildPhases = (
				2B77BE3989EFABB6C68C8EA0 /* [CP] Check Pods Manifest.lock */,
				816B8AE822D21EB200C630B9 /* Sources */,
				816B8AE922D21EB200C630B9 /* Frameworks */,
				816B8AEA22D21EB200C630B9 /* Resources */,
				DB9756A7F7E0E766182C476D /* [CP] Embed Pods Frameworks */,
			);
			buildRules = (
			);
			dependencies = (
			);
			name = Odd_Jobs_Realm;
			productName = Odd_Jobs_Realm;
			productReference = 816B8AEC22D21EB200C630B9 /* Odd_Jobs_Realm.app */;
			productType = "com.apple.product-type.application";
		};
/* End PBXNativeTarget section */

/* Begin PBXProject section */
		816B8AE422D21EB200C630B9 /* Project object */ = {
			isa = PBXProject;
			attributes = {
				LastSwiftUpdateCheck = 1020;
				LastUpgradeCheck = 1020;
				ORGANIZATIONNAME = "Alan Doonan";
				TargetAttributes = {
					816B8AEB22D21EB200C630B9 = {
						CreatedOnToolsVersion = 10.2.1;
					};
				};
			};
			buildConfigurationList = 816B8AE722D21EB200C630B9 /* Build configuration list for PBXProject "Odd_Jobs_Realm" */;
			compatibilityVersion = "Xcode 9.3";
			developmentRegion = en;
			hasScannedForEncodings = 0;
			knownRegions = (
				en,
				Base,
			);
			mainGroup = 816B8AE322D21EB200C630B9;
			productRefGroup = 816B8AED22D21EB200C630B9 /* Products */;
			projectDirPath = "";
			projectRoot = "";
			targets = (
				816B8AEB22D21EB200C630B9 /* Odd_Jobs_Realm */,
			);
		};
/* End PBXProject section */

/* Begin PBXResourcesBuildPhase section */
		816B8AEA22D21EB200C630B9 /* Resources */ = {
			isa = PBXResourcesBuildPhase;
			buildActionMask = 2147483647;
			files = (
				8132C36022E2506D00EC79F2 /* iPhone App 60pt@2x.png in Resources */,
				8132C35022E2506D00EC79F2 /* OddJobsLogo1x.png in Resources */,
				8132C36822E2506D00EC79F2 /* Launchscreen.png in Resources */,
				8132C36722E2506D00EC79F2 /* icon_20pt-5.png in Resources */,
				816B8AFA22D21EB200C630B9 /* LaunchScreen.storyboard in Resources */,
				816B8AF522D21EB200C630B9 /* Main.storyboard in Resources */,
				8132C35922E2506D00EC79F2 /* iPhone Spotlight 40pt@3x.png in Resources */,
				8132C36422E2506D00EC79F2 /* iPhone Settings 29pt@3x.png in Resources */,
				8132C36622E2506D00EC79F2 /* iPhone Notification 20pt@3x.png in Resources */,
				811B224F22FF437B007425C0 /* goal.png in Resources */,
				8132C35522E2506D00EC79F2 /* icon_20pt@2x-1.png in Resources */,
				811B218822FF3ECA007425C0 /* P.png in Resources */,
				811B22D123002FE0007425C0 /* Arial Rounded Bold.ttf in Resources */,
				811B218722FF3ECA007425C0 /* L.png in Resources */,
				8132C35422E2506D00EC79F2 /* icon_83.5@2x-1.png in Resources */,
				8132C35822E2506D00EC79F2 /* icon_40pt@2x-1.png in Resources */,
				8132C35B22E2506D00EC79F2 /* icon_29pt@2x-1.png in Resources */,
				8132C34C22E2506D00EC79F2 /* iPhone X-XS – 1.png in Resources */,
				8192CCE222E8ECBD001AC3A9 /* home.gpx in Resources */,
				8132C35622E2506D00EC79F2 /* icon_20pt@2x-2.png in Resources */,
				81208AC62305C28C00F6548E /* Launchscreen_NO_CR.png in Resources */,
				8132C35722E2506D00EC79F2 /* iPhone Spotlight 40pt@2x.png in Resources */,
				8132C35E22E2506D00EC79F2 /* App Store iOS.png in Resources */,
				811B21C822FF4187007425C0 /* settings.png in Resources */,
				811B218F22FF3ECA007425C0 /* G.png in Resources */,
				8132C36122E2506D00EC79F2 /* icon_76pt@2x-1.png in Resources */,
				8132C35322E2506D00EC79F2 /* OddJobsLogo2x.png in Resources */,
				8132C35C22E2506D00EC79F2 /* icon_40pt-1.png in Resources */,
				8132C36A22E2506D00EC79F2 /* Launchscreen@3x.png in Resources */,
				8132C35F22E2506D00EC79F2 /* icon_76pt-1.png in Resources */,
				8132C34F22E2506D00EC79F2 /* iPhone X-XS – 1@2x.png in Resources */,
				8132C36322E2506D00EC79F2 /* iPhone Settings 29pt@2x.png in Resources */,
				8132C36E22E2511800EC79F2 /* Assets.xcassets in Resources */,
				8132C35222E2506D00EC79F2 /* OddJobsLogo3x.png in Resources */,
				8132C34E22E2506D00EC79F2 /* iPhone X-XS – 1@3x.png in Resources */,
				8132C36222E2506D00EC79F2 /* icon_29pt-1.png in Resources */,
				8132C36B22E2506D00EC79F2 /* Launchscreen@2x.png in Resources */,
				8132C35A22E2506D00EC79F2 /* iPhone App 60pt@3x.png in Resources */,
				8132C36522E2506D00EC79F2 /* icon_29pt.png in Resources */,
				811B21ED22FF426B007425C0 /* summary.png in Resources */,
			);
			runOnlyForDeploymentPostprocessing = 0;
		};
/* End PBXResourcesBuildPhase section */

/* Begin PBXShellScriptBuildPhase section */
		2B77BE3989EFABB6C68C8EA0 /* [CP] Check Pods Manifest.lock */ = {
			isa = PBXShellScriptBuildPhase;
			buildActionMask = 2147483647;
			files = (
			);
			inputFileListPaths = (
			);
			inputPaths = (
				"${PODS_PODFILE_DIR_PATH}/Podfile.lock",
				"${PODS_ROOT}/Manifest.lock",
			);
			name = "[CP] Check Pods Manifest.lock";
			outputFileListPaths = (
			);
			outputPaths = (
				"$(DERIVED_FILE_DIR)/Pods-Odd_Jobs_Realm-checkManifestLockResult.txt",
			);
			runOnlyForDeploymentPostprocessing = 0;
			shellPath = /bin/sh;
			shellScript = "diff \"${PODS_PODFILE_DIR_PATH}/Podfile.lock\" \"${PODS_ROOT}/Manifest.lock\" > /dev/null\nif [ $? != 0 ] ; then\n    # print error to STDERR\n    echo \"error: The sandbox is not in sync with the Podfile.lock. Run 'pod install' or update your CocoaPods installation.\" >&2\n    exit 1\nfi\n# This output is used by Xcode 'outputs' to avoid re-running this script phase.\necho \"SUCCESS\" > \"${SCRIPT_OUTPUT_FILE_0}\"\n";
			showEnvVarsInLog = 0;
		};
		DB9756A7F7E0E766182C476D /* [CP] Embed Pods Frameworks */ = {
			isa = PBXShellScriptBuildPhase;
			buildActionMask = 2147483647;
			files = (
			);
			inputFileListPaths = (
			);
			inputPaths = (
				"${SRCROOT}/Pods/Target Support Files/Pods-Odd_Jobs_Realm/Pods-Odd_Jobs_Realm-frameworks.sh",
				"${BUILT_PRODUCTS_DIR}/Alamofire/Alamofire.framework",
				"${BUILT_PRODUCTS_DIR}/RSSelectionMenu/RSSelectionMenu.framework",
				"${BUILT_PRODUCTS_DIR}/Realm/Realm.framework",
				"${BUILT_PRODUCTS_DIR}/RealmSearchViewController/RealmSearchViewController.framework",
				"${BUILT_PRODUCTS_DIR}/RealmSwift/RealmSwift.framework",
				"${BUILT_PRODUCTS_DIR}/SwiftyJSON/SwiftyJSON.framework",
			);
			name = "[CP] Embed Pods Frameworks";
			outputFileListPaths = (
			);
			outputPaths = (
				"${TARGET_BUILD_DIR}/${FRAMEWORKS_FOLDER_PATH}/Alamofire.framework",
				"${TARGET_BUILD_DIR}/${FRAMEWORKS_FOLDER_PATH}/RSSelectionMenu.framework",
				"${TARGET_BUILD_DIR}/${FRAMEWORKS_FOLDER_PATH}/Realm.framework",
				"${TARGET_BUILD_DIR}/${FRAMEWORKS_FOLDER_PATH}/RealmSearchViewController.framework",
				"${TARGET_BUILD_DIR}/${FRAMEWORKS_FOLDER_PATH}/RealmSwift.framework",
				"${TARGET_BUILD_DIR}/${FRAMEWORKS_FOLDER_PATH}/SwiftyJSON.framework",
			);
			runOnlyForDeploymentPostprocessing = 0;
			shellPath = /bin/sh;
			shellScript = "\"${SRCROOT}/Pods/Target Support Files/Pods-Odd_Jobs_Realm/Pods-Odd_Jobs_Realm-frameworks.sh\"\n";
			showEnvVarsInLog = 0;
		};
/* End PBXShellScriptBuildPhase section */

/* Begin PBXSourcesBuildPhase section */
		816B8AE822D21EB200C630B9 /* Sources */ = {
			isa = PBXSourcesBuildPhase;
			buildActionMask = 2147483647;
			files = (
				8128598522D3D73500F1A406 /* GroupViewController.swift in Sources */,
				81208AC82307318B00F6548E /* ThemeItem.swift in Sources */,
				81208AAF2303312600F6548E /* SideBarController.swift in Sources */,
				8192CCE822EE0422001AC3A9 /* Extensions.swift in Sources */,
				81208ABC2303386C00F6548E /* MenuOption.swift in Sources */,
				816B8B0A22D220B900C630B9 /* PersonalViewController.swift in Sources */,
				814B51C322D79E5500102E73 /* Colours.swift in Sources */,
				811B22D923003A02007425C0 /* PersonalTheme.swift in Sources */,
				811B22E123009A23007425C0 /* BlueTheme.swift in Sources */,
				811B22D72300398B007425C0 /* DarkTheme.swift in Sources */,
				8131015A22F48B2800420AFE /* LoginViewController.swift in Sources */,
				811B214C22FDB644007425C0 /* SummaryViewController.swift in Sources */,
				8132C37222E76F1E00EC79F2 /* Locations.swift in Sources */,
				811B215422FEEEE3007425C0 /* UI.swift in Sources */,
				811B214A22FD8320007425C0 /* HolidayItem.swift in Sources */,
				811B22DD230096A0007425C0 /* OrangeTheme.swift in Sources */,
				8128598922D5059200F1A406 /* HomeViewController.swift in Sources */,
				811B214622F7120A007425C0 /* UserItem.swift in Sources */,
				814B51C922DCF92700102E73 /* ScoreViewController.swift in Sources */,
				814B51BB22D6812000102E73 /* SettingItem.swift in Sources */,
				811B22C523002A0E007425C0 /* Themes.swift in Sources */,
				816B8AF022D21EB200C630B9 /* AppDelegate.swift in Sources */,
				816B8B0322D21FA400C630B9 /* Constants.swift in Sources */,
				816B8B0822D2209F00C630B9 /* OddJobItem.swift in Sources */,
				81208ABF2303392900F6548E /* MenuOptionCell.swift in Sources */,
				8128598722D3D75F00F1A406 /* LifeViewController.swift in Sources */,
				814B51C722DCF4F300102E73 /* ScoreItem.swift in Sources */,
				8192CCDF22E8E900001AC3A9 /* MapItem.swift in Sources */,
				811B22D523003946007425C0 /* ThemeProtocol.swift in Sources */,
				81208AC12303397E00F6548E /* MenuController.swift in Sources */,
				811B22DF230096AD007425C0 /* GreenTheme.swift in Sources */,
				81208AB92303382200F6548E /* HomeControllerDelegate.swift in Sources */,
				8132C37022E4E26B00EC79F2 /* SharedFunctions.swift in Sources */,
				814B51B922D67E7500102E73 /* ThemesViewController.swift in Sources */,
				811B215022FDC910007425C0 /* MenuBar.swift in Sources */,
				8132C37822E77CD000EC79F2 /* MapTasksViewController.swift in Sources */,
				81208AB1230331F800F6548E /* HomeViewControllerTest.swift in Sources */,
			);
			runOnlyForDeploymentPostprocessing = 0;
		};
/* End PBXSourcesBuildPhase section */

/* Begin PBXVariantGroup section */
		816B8AF322D21EB200C630B9 /* Main.storyboard */ = {
			isa = PBXVariantGroup;
			children = (
				816B8AF422D21EB200C630B9 /* Base */,
			);
			name = Main.storyboard;
			sourceTree = "<group>";
		};
		816B8AF822D21EB200C630B9 /* LaunchScreen.storyboard */ = {
			isa = PBXVariantGroup;
			children = (
				816B8AF922D21EB200C630B9 /* Base */,
			);
			name = LaunchScreen.storyboard;
			sourceTree = "<group>";
		};
/* End PBXVariantGroup section */

/* Begin XCBuildConfiguration section */
		816B8AFC22D21EB200C630B9 /* Debug */ = {
			isa = XCBuildConfiguration;
			buildSettings = {
				ALWAYS_SEARCH_USER_PATHS = NO;
				CLANG_ANALYZER_NONNULL = YES;
				CLANG_ANALYZER_NUMBER_OBJECT_CONVERSION = YES_AGGRESSIVE;
				CLANG_CXX_LANGUAGE_STANDARD = "gnu++14";
				CLANG_CXX_LIBRARY = "libc++";
				CLANG_ENABLE_MODULES = YES;
				CLANG_ENABLE_OBJC_ARC = YES;
				CLANG_ENABLE_OBJC_WEAK = YES;
				CLANG_WARN_BLOCK_CAPTURE_AUTORELEASING = YES;
				CLANG_WARN_BOOL_CONVERSION = YES;
				CLANG_WARN_COMMA = YES;
				CLANG_WARN_CONSTANT_CONVERSION = YES;
				CLANG_WARN_DEPRECATED_OBJC_IMPLEMENTATIONS = YES;
				CLANG_WARN_DIRECT_OBJC_ISA_USAGE = YES_ERROR;
				CLANG_WARN_DOCUMENTATION_COMMENTS = YES;
				CLANG_WARN_EMPTY_BODY = YES;
				CLANG_WARN_ENUM_CONVERSION = YES;
				CLANG_WARN_INFINITE_RECURSION = YES;
				CLANG_WARN_INT_CONVERSION = YES;
				CLANG_WARN_NON_LITERAL_NULL_CONVERSION = YES;
				CLANG_WARN_OBJC_IMPLICIT_RETAIN_SELF = YES;
				CLANG_WARN_OBJC_LITERAL_CONVERSION = YES;
				CLANG_WARN_OBJC_ROOT_CLASS = YES_ERROR;
				CLANG_WARN_RANGE_LOOP_ANALYSIS = YES;
				CLANG_WARN_STRICT_PROTOTYPES = YES;
				CLANG_WARN_SUSPICIOUS_MOVE = YES;
				CLANG_WARN_UNGUARDED_AVAILABILITY = YES_AGGRESSIVE;
				CLANG_WARN_UNREACHABLE_CODE = YES;
				CLANG_WARN__DUPLICATE_METHOD_MATCH = YES;
				CODE_SIGN_IDENTITY = "iPhone Developer";
				COPY_PHASE_STRIP = NO;
				DEBUG_INFORMATION_FORMAT = dwarf;
				ENABLE_STRICT_OBJC_MSGSEND = YES;
				ENABLE_TESTABILITY = YES;
				GCC_C_LANGUAGE_STANDARD = gnu11;
				GCC_DYNAMIC_NO_PIC = NO;
				GCC_NO_COMMON_BLOCKS = YES;
				GCC_OPTIMIZATION_LEVEL = 0;
				GCC_PREPROCESSOR_DEFINITIONS = (
					"DEBUG=1",
					"$(inherited)",
				);
				GCC_WARN_64_TO_32_BIT_CONVERSION = YES;
				GCC_WARN_ABOUT_RETURN_TYPE = YES_ERROR;
				GCC_WARN_UNDECLARED_SELECTOR = YES;
				GCC_WARN_UNINITIALIZED_AUTOS = YES_AGGRESSIVE;
				GCC_WARN_UNUSED_FUNCTION = YES;
				GCC_WARN_UNUSED_VARIABLE = YES;
				IPHONEOS_DEPLOYMENT_TARGET = 12.2;
				MTL_ENABLE_DEBUG_INFO = INCLUDE_SOURCE;
				MTL_FAST_MATH = YES;
				ONLY_ACTIVE_ARCH = YES;
				SDKROOT = iphoneos;
				SWIFT_ACTIVE_COMPILATION_CONDITIONS = DEBUG;
				SWIFT_OPTIMIZATION_LEVEL = "-Onone";
			};
			name = Debug;
		};
		816B8AFD22D21EB200C630B9 /* Release */ = {
			isa = XCBuildConfiguration;
			buildSettings = {
				ALWAYS_SEARCH_USER_PATHS = NO;
				CLANG_ANALYZER_NONNULL = YES;
				CLANG_ANALYZER_NUMBER_OBJECT_CONVERSION = YES_AGGRESSIVE;
				CLANG_CXX_LANGUAGE_STANDARD = "gnu++14";
				CLANG_CXX_LIBRARY = "libc++";
				CLANG_ENABLE_MODULES = YES;
				CLANG_ENABLE_OBJC_ARC = YES;
				CLANG_ENABLE_OBJC_WEAK = YES;
				CLANG_WARN_BLOCK_CAPTURE_AUTORELEASING = YES;
				CLANG_WARN_BOOL_CONVERSION = YES;
				CLANG_WARN_COMMA = YES;
				CLANG_WARN_CONSTANT_CONVERSION = YES;
				CLANG_WARN_DEPRECATED_OBJC_IMPLEMENTATIONS = YES;
				CLANG_WARN_DIRECT_OBJC_ISA_USAGE = YES_ERROR;
				CLANG_WARN_DOCUMENTATION_COMMENTS = YES;
				CLANG_WARN_EMPTY_BODY = YES;
				CLANG_WARN_ENUM_CONVERSION = YES;
				CLANG_WARN_INFINITE_RECURSION = YES;
				CLANG_WARN_INT_CONVERSION = YES;
				CLANG_WARN_NON_LITERAL_NULL_CONVERSION = YES;
				CLANG_WARN_OBJC_IMPLICIT_RETAIN_SELF = YES;
				CLANG_WARN_OBJC_LITERAL_CONVERSION = YES;
				CLANG_WARN_OBJC_ROOT_CLASS = YES_ERROR;
				CLANG_WARN_RANGE_LOOP_ANALYSIS = YES;
				CLANG_WARN_STRICT_PROTOTYPES = YES;
				CLANG_WARN_SUSPICIOUS_MOVE = YES;
				CLANG_WARN_UNGUARDED_AVAILABILITY = YES_AGGRESSIVE;
				CLANG_WARN_UNREACHABLE_CODE = YES;
				CLANG_WARN__DUPLICATE_METHOD_MATCH = YES;
				CODE_SIGN_IDENTITY = "iPhone Developer";
				COPY_PHASE_STRIP = NO;
				DEBUG_INFORMATION_FORMAT = "dwarf-with-dsym";
				ENABLE_NS_ASSERTIONS = NO;
				ENABLE_STRICT_OBJC_MSGSEND = YES;
				GCC_C_LANGUAGE_STANDARD = gnu11;
				GCC_NO_COMMON_BLOCKS = YES;
				GCC_WARN_64_TO_32_BIT_CONVERSION = YES;
				GCC_WARN_ABOUT_RETURN_TYPE = YES_ERROR;
				GCC_WARN_UNDECLARED_SELECTOR = YES;
				GCC_WARN_UNINITIALIZED_AUTOS = YES_AGGRESSIVE;
				GCC_WARN_UNUSED_FUNCTION = YES;
				GCC_WARN_UNUSED_VARIABLE = YES;
				IPHONEOS_DEPLOYMENT_TARGET = 12.2;
				MTL_ENABLE_DEBUG_INFO = NO;
				MTL_FAST_MATH = YES;
				SDKROOT = iphoneos;
				SWIFT_COMPILATION_MODE = wholemodule;
				SWIFT_OPTIMIZATION_LEVEL = "-O";
				VALIDATE_PRODUCT = YES;
			};
			name = Release;
		};
		816B8AFF22D21EB200C630B9 /* Debug */ = {
			isa = XCBuildConfiguration;
			baseConfigurationReference = 3E76AB4AA925A7D2984748F9 /* Pods-Odd_Jobs_Realm.debug.xcconfig */;
			buildSettings = {
				ASSETCATALOG_COMPILER_APPICON_NAME = AppIcon;
				CODE_SIGN_STYLE = Automatic;
				DEVELOPMENT_TEAM = QRHHS72FUM;
				INFOPLIST_FILE = Odd_Jobs_Realm/Info.plist;
				LD_RUNPATH_SEARCH_PATHS = (
					"$(inherited)",
					"@executable_path/Frameworks",
				);
				PRODUCT_BUNDLE_IDENTIFIER = "com.doonothin.Odd-Jobs-Realm";
				PRODUCT_NAME = "$(TARGET_NAME)";
				SWIFT_VERSION = 5.0;
				TARGETED_DEVICE_FAMILY = 1;
			};
			name = Debug;
		};
		816B8B0022D21EB200C630B9 /* Release */ = {
			isa = XCBuildConfiguration;
			baseConfigurationReference = 24E2C0D59615800237B33C31 /* Pods-Odd_Jobs_Realm.release.xcconfig */;
			buildSettings = {
				ASSETCATALOG_COMPILER_APPICON_NAME = AppIcon;
				CODE_SIGN_STYLE = Automatic;
				DEVELOPMENT_TEAM = QRHHS72FUM;
				INFOPLIST_FILE = Odd_Jobs_Realm/Info.plist;
				LD_RUNPATH_SEARCH_PATHS = (
					"$(inherited)",
					"@executable_path/Frameworks",
				);
				PRODUCT_BUNDLE_IDENTIFIER = "com.doonothin.Odd-Jobs-Realm";
				PRODUCT_NAME = "$(TARGET_NAME)";
				SWIFT_VERSION = 5.0;
				TARGETED_DEVICE_FAMILY = 1;
			};
			name = Release;
		};
/* End XCBuildConfiguration section */

/* Begin XCConfigurationList section */
		816B8AE722D21EB200C630B9 /* Build configuration list for PBXProject "Odd_Jobs_Realm" */ = {
			isa = XCConfigurationList;
			buildConfigurations = (
				816B8AFC22D21EB200C630B9 /* Debug */,
				816B8AFD22D21EB200C630B9 /* Release */,
			);
			defaultConfigurationIsVisible = 0;
			defaultConfigurationName = Release;
		};
		816B8AFE22D21EB200C630B9 /* Build configuration list for PBXNativeTarget "Odd_Jobs_Realm" */ = {
			isa = XCConfigurationList;
			buildConfigurations = (
				816B8AFF22D21EB200C630B9 /* Debug */,
				816B8B0022D21EB200C630B9 /* Release */,
			);
			defaultConfigurationIsVisible = 0;
			defaultConfigurationName = Release;
		};
/* End XCConfigurationList section */
	};
	rootObject = 816B8AE422D21EB200C630B9 /* Project object */;
}
